
Microsoft Visual Studio Solution File, Format Version 12.00
# Visual Studio Express 2013 for Web
VisualStudioVersion = 12.0.30723.0
MinimumVisualStudioVersion = 10.0.40219.1
Project("{FAE04EC0-301F-11D3-BF4B-00C04F79EFBC}") = "bikeStuff", "bikeStuff\bikeStuff.csproj", "{6DB80108-719D-4452-B14B-A38E04286088}"
EndProject
Project("{FAE04EC0-301F-11D3-BF4B-00C04F79EFBC}") = "bikeStuff.Tests", "bikeStuff.Tests\bikeStuff.Tests.csproj", "{7CCB6E1D-F432-4135-B8B3-D596E8D7F246}"
EndProject
Global
	GlobalSection(SolutionConfigurationPlatforms) = preSolution
		Debug|Any CPU = Debug|Any CPU
		Release|Any CPU = Release|Any CPU
	EndGlobalSection
	GlobalSection(ProjectConfigurationPlatforms) = postSolution
		{6DB80108-719D-4452-B14B-A38E04286088}.Debug|Any CPU.ActiveCfg = Debug|Any CPU
		{6DB80108-719D-4452-B14B-A38E04286088}.Debug|Any CPU.Build.0 = Debug|Any CPU
		{6DB80108-719D-4452-B14B-A38E04286088}.Release|Any CPU.ActiveCfg = Release|Any CPU
		{6DB80108-719D-4452-B14B-A38E04286088}.Release|Any CPU.Build.0 = Release|Any CPU
		{7CCB6E1D-F432-4135-B8B3-D596E8D7F246}.Debug|Any CPU.ActiveCfg = Debug|Any CPU
		{7CCB6E1D-F432-4135-B8B3-D596E8D7F246}.Debug|Any CPU.Build.0 = Debug|Any CPU
		{7CCB6E1D-F432-4135-B8B3-D596E8D7F246}.Release|Any CPU.ActiveCfg = Release|Any CPU
		{7CCB6E1D-F432-4135-B8B3-D596E8D7F246}.Release|Any CPU.Build.0 = Release|Any CPU
	EndGlobalSection
	GlobalSection(SolutionProperties) = preSolution
		HideSolutionNode = FALSE
	EndGlobalSection
EndGlobal
